
Microsoft Visual Studio Solution File, Format Version 12.00
# Visual Studio Version 17
VisualStudioVersion = 17.8.34601.278
MinimumVisualStudioVersion = 10.0.40219.1
Project("{FAE04EC0-301F-11D3-BF4B-00C04F79EFBC}") = "WPFMiniProject", "WPFMiniProject\WPFMiniProject.csproj", "{393FA319-1845-4A2A-A7D5-804AD41D6095}"
EndProject
Global
	GlobalSection(SolutionConfigurationPlatforms) = preSolution
		Debug|Any CPU = Debug|Any CPU
		Release|Any CPU = Release|Any CPU
	EndGlobalSection
	GlobalSection(ProjectConfigurationPlatforms) = postSolution
		{393FA319-1845-4A2A-A7D5-804AD41D6095}.Debug|Any CPU.ActiveCfg = Debug|Any CPU
		{393FA319-1845-4A2A-A7D5-804AD41D6095}.Debug|Any CPU.Build.0 = Debug|Any CPU
		{393FA319-1845-4A2A-A7D5-804AD41D6095}.Release|Any CPU.ActiveCfg = Release|Any CPU
		{393FA319-1845-4A2A-A7D5-804AD41D6095}.Release|Any CPU.Build.0 = Release|Any CPU
	EndGlobalSection
	GlobalSection(SolutionProperties) = preSolution
		HideSolutionNode = FALSE
	EndGlobalSection
	GlobalSection(ExtensibilityGlobals) = postSolution
		SolutionGuid = {9C066914-2B5C-4762-8E81-30CAE6D6C571}
	EndGlobalSection
EndGlobal
